// !$*UTF8*$!
{
	archiveVersion = 1;
	classes = {
	};
	objectVersion = 56;
	objects = {

/* Begin PBXBuildFile section */
		1A1E46BC2B1C24EC0046A758 /* SigninViewController.swift in Sources */ = {isa = PBXBuildFile; fileRef = 1A1E46BB2B1C24EC0046A758 /* SigninViewController.swift */; };
		1A4262D12B2446B9008D0E0D /* AddressViewController.swift in Sources */ = {isa = PBXBuildFile; fileRef = 1A4262D02B2446B9008D0E0D /* AddressViewController.swift */; };
		1A4262D32B2449B7008D0E0D /* AddressViewModel.swift in Sources */ = {isa = PBXBuildFile; fileRef = 1A4262D22B2449B7008D0E0D /* AddressViewModel.swift */; };
		1A4262D82B24BAAD008D0E0D /* RTCustomAlert.swift in Sources */ = {isa = PBXBuildFile; fileRef = 1A4262D52B24BAAB008D0E0D /* RTCustomAlert.swift */; };
		1A4262D92B24BAAD008D0E0D /* RTCustomAlert.xib in Resources */ = {isa = PBXBuildFile; fileRef = 1A4262D62B24BAAB008D0E0D /* RTCustomAlert.xib */; };
		1A428CCD2B60283D004B98F4 /* faq.html in Resources */ = {isa = PBXBuildFile; fileRef = 1A428CCC2B60283D004B98F4 /* faq.html */; };
		1A558C502B18EE030013BD30 /* Coordinator.swift in Sources */ = {isa = PBXBuildFile; fileRef = 1A558C4D2B18EE010013BD30 /* Coordinator.swift */; };
		1A558C512B18EE030013BD30 /* Storyboarded.swift in Sources */ = {isa = PBXBuildFile; fileRef = 1A558C4E2B18EE010013BD30 /* Storyboarded.swift */; };
		1A558C522B18EE030013BD30 /* MainCoordinator.swift in Sources */ = {isa = PBXBuildFile; fileRef = 1A558C4F2B18EE030013BD30 /* MainCoordinator.swift */; };
		1A558C5F2B18F0220013BD30 /* Extension.swift in Sources */ = {isa = PBXBuildFile; fileRef = 1A558C542B18F0130013BD30 /* Extension.swift */; };
		1A558C602B18F0220013BD30 /* View+Shadow.swift in Sources */ = {isa = PBXBuildFile; fileRef = 1A558C552B18F0150013BD30 /* View+Shadow.swift */; };
		1A558C612B18F0220013BD30 /* Device+Type.swift in Sources */ = {isa = PBXBuildFile; fileRef = 1A558C562B18F0170013BD30 /* Device+Type.swift */; };
		1A558C622B18F0220013BD30 /* UITableView+Additions.swift in Sources */ = {isa = PBXBuildFile; fileRef = 1A558C572B18F0180013BD30 /* UITableView+Additions.swift */; };
		1A558C632B18F0220013BD30 /* UIImageView+Extensions.swift in Sources */ = {isa = PBXBuildFile; fileRef = 1A558C582B18F01A0013BD30 /* UIImageView+Extensions.swift */; };
		1A558C642B18F0220013BD30 /* CustomTextView+Extention.swift in Sources */ = {isa = PBXBuildFile; fileRef = 1A558C592B18F01B0013BD30 /* CustomTextView+Extention.swift */; };
		1A558C652B18F0220013BD30 /* CustomTextField+Extention.swift in Sources */ = {isa = PBXBuildFile; fileRef = 1A558C5A2B18F01C0013BD30 /* CustomTextField+Extention.swift */; };
		1A558C662B18F0220013BD30 /* CustomButton+Extention.swift in Sources */ = {isa = PBXBuildFile; fileRef = 1A558C5B2B18F01E0013BD30 /* CustomButton+Extention.swift */; };
		1A558C672B18F0220013BD30 /* String+Extensions.swift in Sources */ = {isa = PBXBuildFile; fileRef = 1A558C5C2B18F0200013BD30 /* String+Extensions.swift */; };
		1A558C682B18F0220013BD30 /* UIView+Extensions.swift in Sources */ = {isa = PBXBuildFile; fileRef = 1A558C5D2B18F0210013BD30 /* UIView+Extensions.swift */; };
		1A558C692B18F0220013BD30 /* CustomLabel+Extention.swift in Sources */ = {isa = PBXBuildFile; fileRef = 1A558C5E2B18F0220013BD30 /* CustomLabel+Extention.swift */; };
		1A558C6D2B18F1050013BD30 /* SigninInfoModel.swift in Sources */ = {isa = PBXBuildFile; fileRef = 1A558C6C2B18F1050013BD30 /* SigninInfoModel.swift */; };
		1A558C702B18F1220013BD30 /* SigninViewModel.swift in Sources */ = {isa = PBXBuildFile; fileRef = 1A558C6F2B18F1220013BD30 /* SigninViewModel.swift */; };
		1A558C722B18F3640013BD30 /* Main.storyboard in Resources */ = {isa = PBXBuildFile; fileRef = 1A558C712B18F3640013BD30 /* Main.storyboard */; };
		1A558C742B18F4EC0013BD30 /* BaseViewController.swift in Sources */ = {isa = PBXBuildFile; fileRef = 1A558C732B18F4EB0013BD30 /* BaseViewController.swift */; };
		1A55AB972B1847DE001AEEBF /* AppDelegate.swift in Sources */ = {isa = PBXBuildFile; fileRef = 1A55AB962B1847DE001AEEBF /* AppDelegate.swift */; };
		1A55ABA02B1847E0001AEEBF /* Assets.xcassets in Resources */ = {isa = PBXBuildFile; fileRef = 1A55AB9F2B1847E0001AEEBF /* Assets.xcassets */; };
		1A55ABA32B1847E0001AEEBF /* LaunchScreen.storyboard in Resources */ = {isa = PBXBuildFile; fileRef = 1A55ABA12B1847E0001AEEBF /* LaunchScreen.storyboard */; };
		1A55ABB12B1848B7001AEEBF /* WKWebViewController.swift in Sources */ = {isa = PBXBuildFile; fileRef = 1A55ABAD2B1848B7001AEEBF /* WKWebViewController.swift */; };
		1A55ABB42B1848B7001AEEBF /* OTPViewController.swift in Sources */ = {isa = PBXBuildFile; fileRef = 1A55ABB02B1848B7001AEEBF /* OTPViewController.swift */; };
		1A55ABBA2B1848FF001AEEBF /* NetworkManager.swift in Sources */ = {isa = PBXBuildFile; fileRef = 1A55ABB62B1848FF001AEEBF /* NetworkManager.swift */; };
		1A55ABBB2B1848FF001AEEBF /* APIsEndPoint.swift in Sources */ = {isa = PBXBuildFile; fileRef = 1A55ABB72B1848FF001AEEBF /* APIsEndPoint.swift */; };
		1A55ABBC2B1848FF001AEEBF /* APIHelper.swift in Sources */ = {isa = PBXBuildFile; fileRef = 1A55ABB82B1848FF001AEEBF /* APIHelper.swift */; };
		1A55ABBD2B1848FF001AEEBF /* Reachability.swift in Sources */ = {isa = PBXBuildFile; fileRef = 1A55ABB92B1848FF001AEEBF /* Reachability.swift */; };
		1A55ABC72B184957001AEEBF /* AppGuide.swift in Sources */ = {isa = PBXBuildFile; fileRef = 1A55ABBF2B184957001AEEBF /* AppGuide.swift */; };
		1A55ABC82B184957001AEEBF /* Constants.swift in Sources */ = {isa = PBXBuildFile; fileRef = 1A55ABC02B184957001AEEBF /* Constants.swift */; };
		1A55ABC92B184957001AEEBF /* Configuration.swift in Sources */ = {isa = PBXBuildFile; fileRef = 1A55ABC12B184957001AEEBF /* Configuration.swift */; };
		1A55ABCA2B184957001AEEBF /* Text+Attributed.swift in Sources */ = {isa = PBXBuildFile; fileRef = 1A55ABC22B184957001AEEBF /* Text+Attributed.swift */; };
		1A55ABCB2B184957001AEEBF /* Utility.swift in Sources */ = {isa = PBXBuildFile; fileRef = 1A55ABC32B184957001AEEBF /* Utility.swift */; };
		1A55ABCC2B184957001AEEBF /* RPicker.swift in Sources */ = {isa = PBXBuildFile; fileRef = 1A55ABC42B184957001AEEBF /* RPicker.swift */; };
		1A55ABCD2B184957001AEEBF /* CurrentUserInfo.swift in Sources */ = {isa = PBXBuildFile; fileRef = 1A55ABC52B184957001AEEBF /* CurrentUserInfo.swift */; };
		1A55ABCE2B184957001AEEBF /* Helper.swift in Sources */ = {isa = PBXBuildFile; fileRef = 1A55ABC62B184957001AEEBF /* Helper.swift */; };
		1A55ABD22B1849C7001AEEBF /* GoogleService-Info.plist in Resources */ = {isa = PBXBuildFile; fileRef = 1A55ABD12B1849C7001AEEBF /* GoogleService-Info.plist */; };
		1A55ABDB2B184A77001AEEBF /* Poppins-Regular.ttf in Resources */ = {isa = PBXBuildFile; fileRef = 1A55ABD42B184A76001AEEBF /* Poppins-Regular.ttf */; };
		1A55ABDC2B184A77001AEEBF /* Poppins-Medium.ttf in Resources */ = {isa = PBXBuildFile; fileRef = 1A55ABD52B184A76001AEEBF /* Poppins-Medium.ttf */; };
		1A55ABDD2B184A77001AEEBF /* Poppins-Thin.ttf in Resources */ = {isa = PBXBuildFile; fileRef = 1A55ABD62B184A76001AEEBF /* Poppins-Thin.ttf */; };
		1A55ABDE2B184A77001AEEBF /* Poppins-Bold.ttf in Resources */ = {isa = PBXBuildFile; fileRef = 1A55ABD72B184A76001AEEBF /* Poppins-Bold.ttf */; };
		1A55ABDF2B184A77001AEEBF /* Poppins-ExtraLight.ttf in Resources */ = {isa = PBXBuildFile; fileRef = 1A55ABD82B184A77001AEEBF /* Poppins-ExtraLight.ttf */; };
		1A55ABE02B184A77001AEEBF /* Poppins-Light.ttf in Resources */ = {isa = PBXBuildFile; fileRef = 1A55ABD92B184A77001AEEBF /* Poppins-Light.ttf */; };
		1A55ABE12B184A77001AEEBF /* Poppins-SemiBold.ttf in Resources */ = {isa = PBXBuildFile; fileRef = 1A55ABDA2B184A77001AEEBF /* Poppins-SemiBold.ttf */; };
		1A55ABE62B184B0D001AEEBF /* SigninCell.swift in Sources */ = {isa = PBXBuildFile; fileRef = 1A55ABE42B184B0D001AEEBF /* SigninCell.swift */; };
		1A55ABE72B184B0D001AEEBF /* SigninCell.xib in Resources */ = {isa = PBXBuildFile; fileRef = 1A55ABE52B184B0D001AEEBF /* SigninCell.xib */; };
		1A69107A2B1A4039009ACD06 /* UserNameCell.swift in Sources */ = {isa = PBXBuildFile; fileRef = 1A6910782B1A4038009ACD06 /* UserNameCell.swift */; };
		1A69107B2B1A4039009ACD06 /* UserNameCell.xib in Resources */ = {isa = PBXBuildFile; fileRef = 1A6910792B1A4039009ACD06 /* UserNameCell.xib */; };
		1A99CE692B1E24C3004E0574 /* LocationViewController.swift in Sources */ = {isa = PBXBuildFile; fileRef = 1A99CE682B1E24C3004E0574 /* LocationViewController.swift */; };
		1A99CE6B2B1E27AC004E0574 /* HelpViewController.swift in Sources */ = {isa = PBXBuildFile; fileRef = 1A99CE6A2B1E27AC004E0574 /* HelpViewController.swift */; };
		1A99CE6D2B1E3301004E0574 /* RequestViewController.swift in Sources */ = {isa = PBXBuildFile; fileRef = 1A99CE6C2B1E3301004E0574 /* RequestViewController.swift */; };
		1A99CE6F2B1E38C4004E0574 /* RequestViewModel.swift in Sources */ = {isa = PBXBuildFile; fileRef = 1A99CE6E2B1E38C4004E0574 /* RequestViewModel.swift */; };
		1A9C8AA82B2CC122000B1E7F /* SettingCell.swift in Sources */ = {isa = PBXBuildFile; fileRef = 1A9C8AA62B2CC121000B1E7F /* SettingCell.swift */; };
		1A9C8AA92B2CC122000B1E7F /* SettingCell.xib in Resources */ = {isa = PBXBuildFile; fileRef = 1A9C8AA72B2CC122000B1E7F /* SettingCell.xib */; };
		1A9C8AAB2B2CC15F000B1E7F /* SettingViewModel.swift in Sources */ = {isa = PBXBuildFile; fileRef = 1A9C8AAA2B2CC15F000B1E7F /* SettingViewModel.swift */; };
		1AA087132B53012B007127DA /* ProfileResponseModel.swift in Sources */ = {isa = PBXBuildFile; fileRef = 1AA087122B53012B007127DA /* ProfileResponseModel.swift */; };
		1AA087152B530693007127DA /* ProfileViewController.swift in Sources */ = {isa = PBXBuildFile; fileRef = 1AA087142B530693007127DA /* ProfileViewController.swift */; };
		1AA0871B2B545B2B007127DA /* UpdateProfileViewController.swift in Sources */ = {isa = PBXBuildFile; fileRef = 1AA0871A2B545B2B007127DA /* UpdateProfileViewController.swift */; };
		1AA0871D2B545B5B007127DA /* UpdateProfileViewModal.swift in Sources */ = {isa = PBXBuildFile; fileRef = 1AA0871C2B545B5A007127DA /* UpdateProfileViewModal.swift */; };
		1AA0871F2B545BC0007127DA /* ImagePickerManager.swift in Sources */ = {isa = PBXBuildFile; fileRef = 1AA0871E2B545BC0007127DA /* ImagePickerManager.swift */; };
		1AA087252B598FAF007127DA /* terms.html in Resources */ = {isa = PBXBuildFile; fileRef = 1AA087242B598FAF007127DA /* terms.html */; };
		1AA8137E2B426AEA00F83DDA /* ArrivalViewModal.swift in Sources */ = {isa = PBXBuildFile; fileRef = 1AA8137D2B426AEA00F83DDA /* ArrivalViewModal.swift */; };
		1AA813922B45DC0800F83DDA /* PDFViewController.swift in Sources */ = {isa = PBXBuildFile; fileRef = 1AA813912B45DC0800F83DDA /* PDFViewController.swift */; };
		1AA813942B45DD7600F83DDA /* PTP.pdf in Resources */ = {isa = PBXBuildFile; fileRef = 1AA813932B45DD7600F83DDA /* PTP.pdf */; };
		1AC834D52B3D372E00AD0CA6 /* RequestCell.swift in Sources */ = {isa = PBXBuildFile; fileRef = 1AC834D32B3D372E00AD0CA6 /* RequestCell.swift */; };
		1AC834D62B3D372E00AD0CA6 /* RequestCell.xib in Resources */ = {isa = PBXBuildFile; fileRef = 1AC834D42B3D372E00AD0CA6 /* RequestCell.xib */; };
		1AC834D82B3D39C500AD0CA6 /* RequestListViewModal.swift in Sources */ = {isa = PBXBuildFile; fileRef = 1AC834D72B3D39C500AD0CA6 /* RequestListViewModal.swift */; };
		1AC834DA2B3D3BBE00AD0CA6 /* RequestListViewController.swift in Sources */ = {isa = PBXBuildFile; fileRef = 1AC834D92B3D3BBE00AD0CA6 /* RequestListViewController.swift */; };
		1AD6374C2B2810D30076EAD3 /* ReggaeOne-Regular.ttf in Resources */ = {isa = PBXBuildFile; fileRef = 1AD6374B2B2810D30076EAD3 /* ReggaeOne-Regular.ttf */; };
		1AD637502B28B1160076EAD3 /* TrackingCell.swift in Sources */ = {isa = PBXBuildFile; fileRef = 1AD6374E2B28B1160076EAD3 /* TrackingCell.swift */; };
		1AD637512B28B1160076EAD3 /* TrackingCell.xib in Resources */ = {isa = PBXBuildFile; fileRef = 1AD6374F2B28B1160076EAD3 /* TrackingCell.xib */; };
		1AD637542B28B3F20076EAD3 /* TrackingViewController.swift in Sources */ = {isa = PBXBuildFile; fileRef = 1AD637532B28B3F20076EAD3 /* TrackingViewController.swift */; };
		1AD637562B28B71D0076EAD3 /* TrackingViewModel.swift in Sources */ = {isa = PBXBuildFile; fileRef = 1AD637552B28B71D0076EAD3 /* TrackingViewModel.swift */; };
		1AD637582B28CCB80076EAD3 /* ArrivalViewControoler.swift in Sources */ = {isa = PBXBuildFile; fileRef = 1AD637572B28CCB80076EAD3 /* ArrivalViewControoler.swift */; };
		1AD6375A2B2AA1B20076EAD3 /* MainViewController.swift in Sources */ = {isa = PBXBuildFile; fileRef = 1AD637592B2AA1B20076EAD3 /* MainViewController.swift */; };
		1AD6375C2B2AA1C40076EAD3 /* SideMenuTableViewController.swift in Sources */ = {isa = PBXBuildFile; fileRef = 1AD6375B2B2AA1C40076EAD3 /* SideMenuTableViewController.swift */; };
		1AD6375E2B2AA1D20076EAD3 /* PresentedViewController.swift in Sources */ = {isa = PBXBuildFile; fileRef = 1AD6375D2B2AA1D20076EAD3 /* PresentedViewController.swift */; };
		44162B2A2B4A8296000FE68B /* Location1.gpx in Resources */ = {isa = PBXBuildFile; fileRef = 44162B292B4A8296000FE68B /* Location1.gpx */; };
		B4A646A61F394F0B58FF0E95 /* Pods_Knowitall_Customer.framework in Frameworks */ = {isa = PBXBuildFile; fileRef = 36B51A790C1B2408FD7E8777 /* Pods_Knowitall_Customer.framework */; };
		BF76B0AF2B5964B6008E8FA6 /* PickerViewViewController.swift in Sources */ = {isa = PBXBuildFile; fileRef = BF76B0AB2B5964B6008E8FA6 /* PickerViewViewController.swift */; };
/* End PBXBuildFile section */

/* Begin PBXFileReference section */
		0A2EA702C0FC0EB91019EA92 /* Pods-Knowitall Customer.release.xcconfig */ = {isa = PBXFileReference; includeInIndex = 1; lastKnownFileType = text.xcconfig; name = "Pods-Knowitall Customer.release.xcconfig"; path = "Target Support Files/Pods-Knowitall Customer/Pods-Knowitall Customer.release.xcconfig"; sourceTree = "<group>"; };
		1A1E46BB2B1C24EC0046A758 /* SigninViewController.swift */ = {isa = PBXFileReference; fileEncoding = 4; lastKnownFileType = sourcecode.swift; path = SigninViewController.swift; sourceTree = "<group>"; };
		1A1E46C52B1C5F070046A758 /* Info.plist */ = {isa = PBXFileReference; fileEncoding = 4; lastKnownFileType = text.plist.xml; path = Info.plist; sourceTree = "<group>"; };
		1A38EF052B49EA8400C37DCE /* Location.gpx */ = {isa = PBXFileReference; lastKnownFileType = text.xml; path = Location.gpx; sourceTree = "<group>"; };
		1A4262D02B2446B9008D0E0D /* AddressViewController.swift */ = {isa = PBXFileReference; lastKnownFileType = sourcecode.swift; path = AddressViewController.swift; sourceTree = "<group>"; };
		1A4262D22B2449B7008D0E0D /* AddressViewModel.swift */ = {isa = PBXFileReference; lastKnownFileType = sourcecode.swift; path = AddressViewModel.swift; sourceTree = "<group>"; };
		1A4262D52B24BAAB008D0E0D /* RTCustomAlert.swift */ = {isa = PBXFileReference; fileEncoding = 4; lastKnownFileType = sourcecode.swift; path = RTCustomAlert.swift; sourceTree = "<group>"; };
		1A4262D62B24BAAB008D0E0D /* RTCustomAlert.xib */ = {isa = PBXFileReference; fileEncoding = 4; lastKnownFileType = file.xib; path = RTCustomAlert.xib; sourceTree = "<group>"; };
		1A428CCC2B60283D004B98F4 /* faq.html */ = {isa = PBXFileReference; fileEncoding = 4; lastKnownFileType = text.html; path = faq.html; sourceTree = "<group>"; };
		1A558C4D2B18EE010013BD30 /* Coordinator.swift */ = {isa = PBXFileReference; fileEncoding = 4; lastKnownFileType = sourcecode.swift; path = Coordinator.swift; sourceTree = "<group>"; };
		1A558C4E2B18EE010013BD30 /* Storyboarded.swift */ = {isa = PBXFileReference; fileEncoding = 4; lastKnownFileType = sourcecode.swift; path = Storyboarded.swift; sourceTree = "<group>"; };
		1A558C4F2B18EE030013BD30 /* MainCoordinator.swift */ = {isa = PBXFileReference; fileEncoding = 4; lastKnownFileType = sourcecode.swift; path = MainCoordinator.swift; sourceTree = "<group>"; };
		1A558C542B18F0130013BD30 /* Extension.swift */ = {isa = PBXFileReference; fileEncoding = 4; lastKnownFileType = sourcecode.swift; path = Extension.swift; sourceTree = "<group>"; };
		1A558C552B18F0150013BD30 /* View+Shadow.swift */ = {isa = PBXFileReference; fileEncoding = 4; lastKnownFileType = sourcecode.swift; path = "View+Shadow.swift"; sourceTree = "<group>"; };
		1A558C562B18F0170013BD30 /* Device+Type.swift */ = {isa = PBXFileReference; fileEncoding = 4; lastKnownFileType = sourcecode.swift; path = "Device+Type.swift"; sourceTree = "<group>"; };
		1A558C572B18F0180013BD30 /* UITableView+Additions.swift */ = {isa = PBXFileReference; fileEncoding = 4; lastKnownFileType = sourcecode.swift; path = "UITableView+Additions.swift"; sourceTree = "<group>"; };
		1A558C582B18F01A0013BD30 /* UIImageView+Extensions.swift */ = {isa = PBXFileReference; fileEncoding = 4; lastKnownFileType = sourcecode.swift; path = "UIImageView+Extensions.swift"; sourceTree = "<group>"; };
		1A558C592B18F01B0013BD30 /* CustomTextView+Extention.swift */ = {isa = PBXFileReference; fileEncoding = 4; lastKnownFileType = sourcecode.swift; path = "CustomTextView+Extention.swift"; sourceTree = "<group>"; };
		1A558C5A2B18F01C0013BD30 /* CustomTextField+Extention.swift */ = {isa = PBXFileReference; fileEncoding = 4; lastKnownFileType = sourcecode.swift; path = "CustomTextField+Extention.swift"; sourceTree = "<group>"; };
		1A558C5B2B18F01E0013BD30 /* CustomButton+Extention.swift */ = {isa = PBXFileReference; fileEncoding = 4; lastKnownFileType = sourcecode.swift; path = "CustomButton+Extention.swift"; sourceTree = "<group>"; };
		1A558C5C2B18F0200013BD30 /* String+Extensions.swift */ = {isa = PBXFileReference; fileEncoding = 4; lastKnownFileType = sourcecode.swift; path = "String+Extensions.swift"; sourceTree = "<group>"; };
		1A558C5D2B18F0210013BD30 /* UIView+Extensions.swift */ = {isa = PBXFileReference; fileEncoding = 4; lastKnownFileType = sourcecode.swift; path = "UIView+Extensions.swift"; sourceTree = "<group>"; };
		1A558C5E2B18F0220013BD30 /* CustomLabel+Extention.swift */ = {isa = PBXFileReference; fileEncoding = 4; lastKnownFileType = sourcecode.swift; path = "CustomLabel+Extention.swift"; sourceTree = "<group>"; };
		1A558C6C2B18F1050013BD30 /* SigninInfoModel.swift */ = {isa = PBXFileReference; fileEncoding = 4; lastKnownFileType = sourcecode.swift; path = SigninInfoModel.swift; sourceTree = "<group>"; };
		1A558C6F2B18F1220013BD30 /* SigninViewModel.swift */ = {isa = PBXFileReference; fileEncoding = 4; lastKnownFileType = sourcecode.swift; path = SigninViewModel.swift; sourceTree = "<group>"; };
		1A558C712B18F3640013BD30 /* Main.storyboard */ = {isa = PBXFileReference; lastKnownFileType = file.storyboard; path = Main.storyboard; sourceTree = "<group>"; };
		1A558C732B18F4EB0013BD30 /* BaseViewController.swift */ = {isa = PBXFileReference; fileEncoding = 4; lastKnownFileType = sourcecode.swift; path = BaseViewController.swift; sourceTree = "<group>"; };
		1A55AB932B1847DE001AEEBF /* Knowitall Customer.app */ = {isa = PBXFileReference; explicitFileType = wrapper.application; includeInIndex = 0; path = "Knowitall Customer.app"; sourceTree = BUILT_PRODUCTS_DIR; };
		1A55AB962B1847DE001AEEBF /* AppDelegate.swift */ = {isa = PBXFileReference; lastKnownFileType = sourcecode.swift; path = AppDelegate.swift; sourceTree = "<group>"; };
		1A55AB9F2B1847E0001AEEBF /* Assets.xcassets */ = {isa = PBXFileReference; lastKnownFileType = folder.assetcatalog; path = Assets.xcassets; sourceTree = "<group>"; };
		1A55ABA22B1847E0001AEEBF /* Base */ = {isa = PBXFileReference; lastKnownFileType = file.storyboard; name = Base; path = Base.lproj/LaunchScreen.storyboard; sourceTree = "<group>"; };
		1A55ABAD2B1848B7001AEEBF /* WKWebViewController.swift */ = {isa = PBXFileReference; fileEncoding = 4; lastKnownFileType = sourcecode.swift; path = WKWebViewController.swift; sourceTree = "<group>"; };
		1A55ABB02B1848B7001AEEBF /* OTPViewController.swift */ = {isa = PBXFileReference; fileEncoding = 4; lastKnownFileType = sourcecode.swift; path = OTPViewController.swift; sourceTree = "<group>"; };
		1A55ABB62B1848FF001AEEBF /* NetworkManager.swift */ = {isa = PBXFileReference; fileEncoding = 4; lastKnownFileType = sourcecode.swift; path = NetworkManager.swift; sourceTree = "<group>"; };
		1A55ABB72B1848FF001AEEBF /* APIsEndPoint.swift */ = {isa = PBXFileReference; fileEncoding = 4; lastKnownFileType = sourcecode.swift; path = APIsEndPoint.swift; sourceTree = "<group>"; };
		1A55ABB82B1848FF001AEEBF /* APIHelper.swift */ = {isa = PBXFileReference; fileEncoding = 4; lastKnownFileType = sourcecode.swift; path = APIHelper.swift; sourceTree = "<group>"; };
		1A55ABB92B1848FF001AEEBF /* Reachability.swift */ = {isa = PBXFileReference; fileEncoding = 4; lastKnownFileType = sourcecode.swift; path = Reachability.swift; sourceTree = "<group>"; };
		1A55ABBF2B184957001AEEBF /* AppGuide.swift */ = {isa = PBXFileReference; fileEncoding = 4; lastKnownFileType = sourcecode.swift; path = AppGuide.swift; sourceTree = "<group>"; };
		1A55ABC02B184957001AEEBF /* Constants.swift */ = {isa = PBXFileReference; fileEncoding = 4; lastKnownFileType = sourcecode.swift; path = Constants.swift; sourceTree = "<group>"; };
		1A55ABC12B184957001AEEBF /* Configuration.swift */ = {isa = PBXFileReference; fileEncoding = 4; lastKnownFileType = sourcecode.swift; path = Configuration.swift; sourceTree = "<group>"; };
		1A55ABC22B184957001AEEBF /* Text+Attributed.swift */ = {isa = PBXFileReference; fileEncoding = 4; lastKnownFileType = sourcecode.swift; path = "Text+Attributed.swift"; sourceTree = "<group>"; };
		1A55ABC32B184957001AEEBF /* Utility.swift */ = {isa = PBXFileReference; fileEncoding = 4; lastKnownFileType = sourcecode.swift; path = Utility.swift; sourceTree = "<group>"; };
		1A55ABC42B184957001AEEBF /* RPicker.swift */ = {isa = PBXFileReference; fileEncoding = 4; lastKnownFileType = sourcecode.swift; path = RPicker.swift; sourceTree = "<group>"; };
		1A55ABC52B184957001AEEBF /* CurrentUserInfo.swift */ = {isa = PBXFileReference; fileEncoding = 4; lastKnownFileType = sourcecode.swift; path = CurrentUserInfo.swift; sourceTree = "<group>"; };
		1A55ABC62B184957001AEEBF /* Helper.swift */ = {isa = PBXFileReference; fileEncoding = 4; lastKnownFileType = sourcecode.swift; path = Helper.swift; sourceTree = "<group>"; };
		1A55ABD12B1849C7001AEEBF /* GoogleService-Info.plist */ = {isa = PBXFileReference; fileEncoding = 4; lastKnownFileType = text.plist.xml; path = "GoogleService-Info.plist"; sourceTree = "<group>"; };
		1A55ABD42B184A76001AEEBF /* Poppins-Regular.ttf */ = {isa = PBXFileReference; lastKnownFileType = file; path = "Poppins-Regular.ttf"; sourceTree = "<group>"; };
		1A55ABD52B184A76001AEEBF /* Poppins-Medium.ttf */ = {isa = PBXFileReference; lastKnownFileType = file; path = "Poppins-Medium.ttf"; sourceTree = "<group>"; };
		1A55ABD62B184A76001AEEBF /* Poppins-Thin.ttf */ = {isa = PBXFileReference; lastKnownFileType = file; path = "Poppins-Thin.ttf"; sourceTree = "<group>"; };
		1A55ABD72B184A76001AEEBF /* Poppins-Bold.ttf */ = {isa = PBXFileReference; lastKnownFileType = file; path = "Poppins-Bold.ttf"; sourceTree = "<group>"; };
		1A55ABD82B184A77001AEEBF /* Poppins-ExtraLight.ttf */ = {isa = PBXFileReference; lastKnownFileType = file; path = "Poppins-ExtraLight.ttf"; sourceTree = "<group>"; };
		1A55ABD92B184A77001AEEBF /* Poppins-Light.ttf */ = {isa = PBXFileReference; lastKnownFileType = file; path = "Poppins-Light.ttf"; sourceTree = "<group>"; };
		1A55ABDA2B184A77001AEEBF /* Poppins-SemiBold.ttf */ = {isa = PBXFileReference; lastKnownFileType = file; path = "Poppins-SemiBold.ttf"; sourceTree = "<group>"; };
		1A55ABE42B184B0D001AEEBF /* SigninCell.swift */ = {isa = PBXFileReference; fileEncoding = 4; lastKnownFileType = sourcecode.swift; path = SigninCell.swift; sourceTree = "<group>"; };
		1A55ABE52B184B0D001AEEBF /* SigninCell.xib */ = {isa = PBXFileReference; fileEncoding = 4; lastKnownFileType = file.xib; path = SigninCell.xib; sourceTree = "<group>"; };
		1A6910782B1A4038009ACD06 /* UserNameCell.swift */ = {isa = PBXFileReference; fileEncoding = 4; lastKnownFileType = sourcecode.swift; path = UserNameCell.swift; sourceTree = "<group>"; };
		1A6910792B1A4039009ACD06 /* UserNameCell.xib */ = {isa = PBXFileReference; fileEncoding = 4; lastKnownFileType = file.xib; path = UserNameCell.xib; sourceTree = "<group>"; };
		1A99CE682B1E24C3004E0574 /* LocationViewController.swift */ = {isa = PBXFileReference; lastKnownFileType = sourcecode.swift; path = LocationViewController.swift; sourceTree = "<group>"; };
		1A99CE6A2B1E27AC004E0574 /* HelpViewController.swift */ = {isa = PBXFileReference; lastKnownFileType = sourcecode.swift; path = HelpViewController.swift; sourceTree = "<group>"; };
		1A99CE6C2B1E3301004E0574 /* RequestViewController.swift */ = {isa = PBXFileReference; lastKnownFileType = sourcecode.swift; path = RequestViewController.swift; sourceTree = "<group>"; };
		1A99CE6E2B1E38C4004E0574 /* RequestViewModel.swift */ = {isa = PBXFileReference; lastKnownFileType = sourcecode.swift; path = RequestViewModel.swift; sourceTree = "<group>"; };
		1A9C8AA62B2CC121000B1E7F /* SettingCell.swift */ = {isa = PBXFileReference; fileEncoding = 4; lastKnownFileType = sourcecode.swift; path = SettingCell.swift; sourceTree = "<group>"; };
		1A9C8AA72B2CC122000B1E7F /* SettingCell.xib */ = {isa = PBXFileReference; fileEncoding = 4; lastKnownFileType = file.xib; path = SettingCell.xib; sourceTree = "<group>"; };
		1A9C8AAA2B2CC15F000B1E7F /* SettingViewModel.swift */ = {isa = PBXFileReference; fileEncoding = 4; lastKnownFileType = sourcecode.swift; path = SettingViewModel.swift; sourceTree = "<group>"; };
		1AA087122B53012B007127DA /* ProfileResponseModel.swift */ = {isa = PBXFileReference; lastKnownFileType = sourcecode.swift; path = ProfileResponseModel.swift; sourceTree = "<group>"; };
		1AA087142B530693007127DA /* ProfileViewController.swift */ = {isa = PBXFileReference; lastKnownFileType = sourcecode.swift; path = ProfileViewController.swift; sourceTree = "<group>"; };
		1AA0871A2B545B2B007127DA /* UpdateProfileViewController.swift */ = {isa = PBXFileReference; fileEncoding = 4; lastKnownFileType = sourcecode.swift; path = UpdateProfileViewController.swift; sourceTree = "<group>"; };
		1AA0871C2B545B5A007127DA /* UpdateProfileViewModal.swift */ = {isa = PBXFileReference; fileEncoding = 4; lastKnownFileType = sourcecode.swift; path = UpdateProfileViewModal.swift; sourceTree = "<group>"; };
		1AA0871E2B545BC0007127DA /* ImagePickerManager.swift */ = {isa = PBXFileReference; fileEncoding = 4; lastKnownFileType = sourcecode.swift; path = ImagePickerManager.swift; sourceTree = "<group>"; };
		1AA087242B598FAF007127DA /* terms.html */ = {isa = PBXFileReference; fileEncoding = 4; lastKnownFileType = text.html; path = terms.html; sourceTree = "<group>"; };
		1AA8137D2B426AEA00F83DDA /* ArrivalViewModal.swift */ = {isa = PBXFileReference; lastKnownFileType = sourcecode.swift; path = ArrivalViewModal.swift; sourceTree = "<group>"; };
		1AA813912B45DC0800F83DDA /* PDFViewController.swift */ = {isa = PBXFileReference; lastKnownFileType = sourcecode.swift; path = PDFViewController.swift; sourceTree = "<group>"; };
		1AA813932B45DD7600F83DDA /* PTP.pdf */ = {isa = PBXFileReference; lastKnownFileType = image.pdf; path = PTP.pdf; sourceTree = "<group>"; };
		1AC834D32B3D372E00AD0CA6 /* RequestCell.swift */ = {isa = PBXFileReference; lastKnownFileType = sourcecode.swift; path = RequestCell.swift; sourceTree = "<group>"; };
		1AC834D42B3D372E00AD0CA6 /* RequestCell.xib */ = {isa = PBXFileReference; lastKnownFileType = file.xib; path = RequestCell.xib; sourceTree = "<group>"; };
		1AC834D72B3D39C500AD0CA6 /* RequestListViewModal.swift */ = {isa = PBXFileReference; lastKnownFileType = sourcecode.swift; path = RequestListViewModal.swift; sourceTree = "<group>"; };
		1AC834D92B3D3BBE00AD0CA6 /* RequestListViewController.swift */ = {isa = PBXFileReference; lastKnownFileType = sourcecode.swift; path = RequestListViewController.swift; sourceTree = "<group>"; };
		1AD6374B2B2810D30076EAD3 /* ReggaeOne-Regular.ttf */ = {isa = PBXFileReference; lastKnownFileType = file; path = "ReggaeOne-Regular.ttf"; sourceTree = "<group>"; };
		1AD6374E2B28B1160076EAD3 /* TrackingCell.swift */ = {isa = PBXFileReference; lastKnownFileType = sourcecode.swift; path = TrackingCell.swift; sourceTree = "<group>"; };
		1AD6374F2B28B1160076EAD3 /* TrackingCell.xib */ = {isa = PBXFileReference; lastKnownFileType = file.xib; path = TrackingCell.xib; sourceTree = "<group>"; };
		1AD637532B28B3F20076EAD3 /* TrackingViewController.swift */ = {isa = PBXFileReference; lastKnownFileType = sourcecode.swift; path = TrackingViewController.swift; sourceTree = "<group>"; };
		1AD637552B28B71D0076EAD3 /* TrackingViewModel.swift */ = {isa = PBXFileReference; lastKnownFileType = sourcecode.swift; path = TrackingViewModel.swift; sourceTree = "<group>"; };
		1AD637572B28CCB80076EAD3 /* ArrivalViewControoler.swift */ = {isa = PBXFileReference; lastKnownFileType = sourcecode.swift; path = ArrivalViewControoler.swift; sourceTree = "<group>"; };
		1AD637592B2AA1B20076EAD3 /* MainViewController.swift */ = {isa = PBXFileReference; fileEncoding = 4; lastKnownFileType = sourcecode.swift; path = MainViewController.swift; sourceTree = "<group>"; };
		1AD6375B2B2AA1C40076EAD3 /* SideMenuTableViewController.swift */ = {isa = PBXFileReference; fileEncoding = 4; lastKnownFileType = sourcecode.swift; path = SideMenuTableViewController.swift; sourceTree = "<group>"; };
		1AD6375D2B2AA1D20076EAD3 /* PresentedViewController.swift */ = {isa = PBXFileReference; fileEncoding = 4; lastKnownFileType = sourcecode.swift; path = PresentedViewController.swift; sourceTree = "<group>"; };
		36B51A790C1B2408FD7E8777 /* Pods_Knowitall_Customer.framework */ = {isa = PBXFileReference; explicitFileType = wrapper.framework; includeInIndex = 0; path = Pods_Knowitall_Customer.framework; sourceTree = BUILT_PRODUCTS_DIR; };
		44162B292B4A8296000FE68B /* Location1.gpx */ = {isa = PBXFileReference; fileEncoding = 4; lastKnownFileType = text.xml; path = Location1.gpx; sourceTree = "<group>"; };
		55482FF891D49C4CE5941A65 /* Pods-Knowitall Customer.debug.xcconfig */ = {isa = PBXFileReference; includeInIndex = 1; lastKnownFileType = text.xcconfig; name = "Pods-Knowitall Customer.debug.xcconfig"; path = "Target Support Files/Pods-Knowitall Customer/Pods-Knowitall Customer.debug.xcconfig"; sourceTree = "<group>"; };
		BF76B0AB2B5964B6008E8FA6 /* PickerViewViewController.swift */ = {isa = PBXFileReference; fileEncoding = 4; lastKnownFileType = sourcecode.swift; path = PickerViewViewController.swift; sourceTree = "<group>"; };
		BFA17E952B4584DF00FED6BD /* Knowitall Customer.entitlements */ = {isa = PBXFileReference; lastKnownFileType = text.plist.entitlements; path = "Knowitall Customer.entitlements"; sourceTree = "<group>"; };
/* End PBXFileReference section */

/* Begin PBXFrameworksBuildPhase section */
		1A55AB902B1847DE001AEEBF /* Frameworks */ = {
			isa = PBXFrameworksBuildPhase;
			buildActionMask = 2147483647;
			files = (
				B4A646A61F394F0B58FF0E95 /* Pods_Knowitall_Customer.framework in Frameworks */,
			);
			runOnlyForDeploymentPostprocessing = 0;
		};
/* End PBXFrameworksBuildPhase section */

/* Begin PBXGroup section */
		1A4262D42B24BAAB008D0E0D /* alert */ = {
			isa = PBXGroup;
			children = (
				1A4262D52B24BAAB008D0E0D /* RTCustomAlert.swift */,
				1A4262D62B24BAAB008D0E0D /* RTCustomAlert.xib */,
			);
			path = alert;
			sourceTree = "<group>";
		};
		1A558C4B2B18ED720013BD30 /* Screens */ = {
			isa = PBXGroup;
			children = (
				1A9C8AA42B2CC054000B1E7F /* sidemenu */,
				1AD637522B28B3D90076EAD3 /* Traking */,
				1A558C732B18F4EB0013BD30 /* BaseViewController.swift */,
				1A55ABAC2B184892001AEEBF /* Registry */,
			);
			path = Screens;
			sourceTree = "<group>";
		};
		1A558C4C2B18EDEA0013BD30 /* coordinator */ = {
			isa = PBXGroup;
			children = (
				1A558C4D2B18EE010013BD30 /* Coordinator.swift */,
				1A558C4F2B18EE030013BD30 /* MainCoordinator.swift */,
				1A558C4E2B18EE010013BD30 /* Storyboarded.swift */,
			);
			path = coordinator;
			sourceTree = "<group>";
		};
		1A558C532B18EFE70013BD30 /* Extension */ = {
			isa = PBXGroup;
			children = (
				1A558C5B2B18F01E0013BD30 /* CustomButton+Extention.swift */,
				1A558C5E2B18F0220013BD30 /* CustomLabel+Extention.swift */,
				1A558C5A2B18F01C0013BD30 /* CustomTextField+Extention.swift */,
				1A558C592B18F01B0013BD30 /* CustomTextView+Extention.swift */,
				1A558C562B18F0170013BD30 /* Device+Type.swift */,
				1A558C542B18F0130013BD30 /* Extension.swift */,
				1A558C5C2B18F0200013BD30 /* String+Extensions.swift */,
				1A558C582B18F01A0013BD30 /* UIImageView+Extensions.swift */,
				1AA0871E2B545BC0007127DA /* ImagePickerManager.swift */,
				1A558C572B18F0180013BD30 /* UITableView+Additions.swift */,
				1A558C5D2B18F0210013BD30 /* UIView+Extensions.swift */,
				1A558C552B18F0150013BD30 /* View+Shadow.swift */,
				1A428CCC2B60283D004B98F4 /* faq.html */,
				1AA087242B598FAF007127DA /* terms.html */,
			);
			path = Extension;
			sourceTree = "<group>";
		};
		1A558C6A2B18F0CC0013BD30 /* Model */ = {
			isa = PBXGroup;
			children = (
				1A558C6C2B18F1050013BD30 /* SigninInfoModel.swift */,
			);
			path = Model;
			sourceTree = "<group>";
		};
		1A558C6E2B18F1130013BD30 /* ViewModel */ = {
			isa = PBXGroup;
			children = (
				1A9C8AAA2B2CC15F000B1E7F /* SettingViewModel.swift */,
				1A558C6F2B18F1220013BD30 /* SigninViewModel.swift */,
				1A99CE6E2B1E38C4004E0574 /* RequestViewModel.swift */,
				1A4262D22B2449B7008D0E0D /* AddressViewModel.swift */,
				1AD637552B28B71D0076EAD3 /* TrackingViewModel.swift */,
				1AC834D72B3D39C500AD0CA6 /* RequestListViewModal.swift */,
				1AA8137D2B426AEA00F83DDA /* ArrivalViewModal.swift */,
				1AA0871C2B545B5A007127DA /* UpdateProfileViewModal.swift */,
				1AA087122B53012B007127DA /* ProfileResponseModel.swift */,
			);
			path = ViewModel;
			sourceTree = "<group>";
		};
		1A55AB8A2B1847DE001AEEBF = {
			isa = PBXGroup;
			children = (
				1A55AB952B1847DE001AEEBF /* Knowitall Customer */,
				1A55AB942B1847DE001AEEBF /* Products */,
				D0C39C768280004B8449CEAE /* Pods */,
				D153B396AEF040A6EA642F7E /* Frameworks */,
			);
			sourceTree = "<group>";
		};
		1A55AB942B1847DE001AEEBF /* Products */ = {
			isa = PBXGroup;
			children = (
				1A55AB932B1847DE001AEEBF /* Knowitall Customer.app */,
			);
			name = Products;
			sourceTree = "<group>";
		};
		1A55AB952B1847DE001AEEBF /* Knowitall Customer */ = {
			isa = PBXGroup;
			children = (
				44162B292B4A8296000FE68B /* Location1.gpx */,
				BFA17E952B4584DF00FED6BD /* Knowitall Customer.entitlements */,
				1A558C6E2B18F1130013BD30 /* ViewModel */,
				1A558C6A2B18F0CC0013BD30 /* Model */,
				1A558C532B18EFE70013BD30 /* Extension */,
				1A558C4C2B18EDEA0013BD30 /* coordinator */,
				1A558C4B2B18ED720013BD30 /* Screens */,
				1A55ABE22B184AED001AEEBF /* Cell */,
				1A55ABD32B1849EA001AEEBF /* Fonts */,
				1A55ABBE2B184905001AEEBF /* Utils */,
				1A55ABB52B1848EB001AEEBF /* Network Manager */,
				1A55AB962B1847DE001AEEBF /* AppDelegate.swift */,
				1A55AB9F2B1847E0001AEEBF /* Assets.xcassets */,
				1A1E46C52B1C5F070046A758 /* Info.plist */,
				1A38EF052B49EA8400C37DCE /* Location.gpx */,
				1A55ABD12B1849C7001AEEBF /* GoogleService-Info.plist */,
				1AA813932B45DD7600F83DDA /* PTP.pdf */,
				1A558C712B18F3640013BD30 /* Main.storyboard */,
				1A55ABA12B1847E0001AEEBF /* LaunchScreen.storyboard */,
			);
			path = "Knowitall Customer";
			sourceTree = "<group>";
		};
		1A55ABAC2B184892001AEEBF /* Registry */ = {
			isa = PBXGroup;
			children = (
				1AD6375D2B2AA1D20076EAD3 /* PresentedViewController.swift */,
				1AD6375B2B2AA1C40076EAD3 /* SideMenuTableViewController.swift */,
				1AD637592B2AA1B20076EAD3 /* MainViewController.swift */,
				1A1E46BB2B1C24EC0046A758 /* SigninViewController.swift */,
				1A55ABB02B1848B7001AEEBF /* OTPViewController.swift */,
				1A55ABAD2B1848B7001AEEBF /* WKWebViewController.swift */,
				1A99CE6A2B1E27AC004E0574 /* HelpViewController.swift */,
				1A99CE682B1E24C3004E0574 /* LocationViewController.swift */,
				1A99CE6C2B1E3301004E0574 /* RequestViewController.swift */,
				1A4262D02B2446B9008D0E0D /* AddressViewController.swift */,
				1AC834D92B3D3BBE00AD0CA6 /* RequestListViewController.swift */,
				1AA0871A2B545B2B007127DA /* UpdateProfileViewController.swift */,
				1AA813912B45DC0800F83DDA /* PDFViewController.swift */,
				1AA087142B530693007127DA /* ProfileViewController.swift */,
			);
			path = Registry;
			sourceTree = "<group>";
		};
		1A55ABB52B1848EB001AEEBF /* Network Manager */ = {
			isa = PBXGroup;
			children = (
				1A55ABB82B1848FF001AEEBF /* APIHelper.swift */,
				1A55ABB72B1848FF001AEEBF /* APIsEndPoint.swift */,
				1A55ABB62B1848FF001AEEBF /* NetworkManager.swift */,
				1A55ABB92B1848FF001AEEBF /* Reachability.swift */,
			);
			path = "Network Manager";
			sourceTree = "<group>";
		};
		1A55ABBE2B184905001AEEBF /* Utils */ = {
			isa = PBXGroup;
			children = (
				BF76B0A72B5964B6008E8FA6 /* Picker */,
				1A55ABBF2B184957001AEEBF /* AppGuide.swift */,
				1A4262D42B24BAAB008D0E0D /* alert */,
				1A55ABC12B184957001AEEBF /* Configuration.swift */,
				1A55ABC02B184957001AEEBF /* Constants.swift */,
				1A55ABC52B184957001AEEBF /* CurrentUserInfo.swift */,
				1A55ABC62B184957001AEEBF /* Helper.swift */,
				1A55ABC42B184957001AEEBF /* RPicker.swift */,
				1A55ABC22B184957001AEEBF /* Text+Attributed.swift */,
				1A55ABC32B184957001AEEBF /* Utility.swift */,
			);
			path = Utils;
			sourceTree = "<group>";
		};
		1A55ABD32B1849EA001AEEBF /* Fonts */ = {
			isa = PBXGroup;
			children = (
				1A55ABD72B184A76001AEEBF /* Poppins-Bold.ttf */,
				1AD6374B2B2810D30076EAD3 /* ReggaeOne-Regular.ttf */,
				1A55ABD82B184A77001AEEBF /* Poppins-ExtraLight.ttf */,
				1A55ABD92B184A77001AEEBF /* Poppins-Light.ttf */,
				1A55ABD52B184A76001AEEBF /* Poppins-Medium.ttf */,
				1A55ABD42B184A76001AEEBF /* Poppins-Regular.ttf */,
				1A55ABDA2B184A77001AEEBF /* Poppins-SemiBold.ttf */,
				1A55ABD62B184A76001AEEBF /* Poppins-Thin.ttf */,
			);
			path = Fonts;
			sourceTree = "<group>";
		};
		1A55ABE22B184AED001AEEBF /* Cell */ = {
			isa = PBXGroup;
			children = (
				1AC834D02B3D36DB00AD0CA6 /* RequestCell */,
				1A9C8AA52B2CC0FD000B1E7F /* MenuCell */,
				1AD6374D2B28B0DE0076EAD3 /* TrackingCell */,
				1A6910772B1A3FD9009ACD06 /* UserNameCell */,
				1A55ABE32B184AF7001AEEBF /* SigninCell */,
			);
			path = Cell;
			sourceTree = "<group>";
		};
		1A55ABE32B184AF7001AEEBF /* SigninCell */ = {
			isa = PBXGroup;
			children = (
				1A55ABE42B184B0D001AEEBF /* SigninCell.swift */,
				1A55ABE52B184B0D001AEEBF /* SigninCell.xib */,
			);
			path = SigninCell;
			sourceTree = "<group>";
		};
		1A6910772B1A3FD9009ACD06 /* UserNameCell */ = {
			isa = PBXGroup;
			children = (
				1A6910782B1A4038009ACD06 /* UserNameCell.swift */,
				1A6910792B1A4039009ACD06 /* UserNameCell.xib */,
			);
			path = UserNameCell;
			sourceTree = "<group>";
		};
		1A9C8AA42B2CC054000B1E7F /* sidemenu */ = {
			isa = PBXGroup;
			children = (
			);
			path = sidemenu;
			sourceTree = "<group>";
		};
		1A9C8AA52B2CC0FD000B1E7F /* MenuCell */ = {
			isa = PBXGroup;
			children = (
				1A9C8AA62B2CC121000B1E7F /* SettingCell.swift */,
				1A9C8AA72B2CC122000B1E7F /* SettingCell.xib */,
			);
			path = MenuCell;
			sourceTree = "<group>";
		};
		1AC834D02B3D36DB00AD0CA6 /* RequestCell */ = {
			isa = PBXGroup;
			children = (
				1AC834D32B3D372E00AD0CA6 /* RequestCell.swift */,
				1AC834D42B3D372E00AD0CA6 /* RequestCell.xib */,
			);
			path = RequestCell;
			sourceTree = "<group>";
		};
		1AD6374D2B28B0DE0076EAD3 /* TrackingCell */ = {
			isa = PBXGroup;
			children = (
				1AD6374E2B28B1160076EAD3 /* TrackingCell.swift */,
				1AD6374F2B28B1160076EAD3 /* TrackingCell.xib */,
			);
			path = TrackingCell;
			sourceTree = "<group>";
		};
		1AD637522B28B3D90076EAD3 /* Traking */ = {
			isa = PBXGroup;
			children = (
				1AD637532B28B3F20076EAD3 /* TrackingViewController.swift */,
				1AD637572B28CCB80076EAD3 /* ArrivalViewControoler.swift */,
			);
			path = Traking;
			sourceTree = "<group>";
		};
		BF76B0A72B5964B6008E8FA6 /* Picker */ = {
			isa = PBXGroup;
			children = (
				BF76B0AB2B5964B6008E8FA6 /* PickerViewViewController.swift */,
			);
			path = Picker;
			sourceTree = "<group>";
		};
		D0C39C768280004B8449CEAE /* Pods */ = {
			isa = PBXGroup;
			children = (
				55482FF891D49C4CE5941A65 /* Pods-Knowitall Customer.debug.xcconfig */,
				0A2EA702C0FC0EB91019EA92 /* Pods-Knowitall Customer.release.xcconfig */,
			);
			path = Pods;
			sourceTree = "<group>";
		};
		D153B396AEF040A6EA642F7E /* Frameworks */ = {
			isa = PBXGroup;
			children = (
				36B51A790C1B2408FD7E8777 /* Pods_Knowitall_Customer.framework */,
			);
			name = Frameworks;
			sourceTree = "<group>";
		};
/* End PBXGroup section */

/* Begin PBXNativeTarget section */
		1A55AB922B1847DE001AEEBF /* Knowitall Customer */ = {
			isa = PBXNativeTarget;
			buildConfigurationList = 1A55ABA72B1847E0001AEEBF /* Build configuration list for PBXNativeTarget "Knowitall Customer" */;
			buildPhases = (
				54A4C6087EBF967B9C2FDC20 /* [CP] Check Pods Manifest.lock */,
				1A55AB8F2B1847DE001AEEBF /* Sources */,
				1A55AB902B1847DE001AEEBF /* Frameworks */,
				1A55AB912B1847DE001AEEBF /* Resources */,
				90E476DEE603B806F521A4D2 /* [CP] Embed Pods Frameworks */,
			);
			buildRules = (
			);
			dependencies = (
			);
			name = "Knowitall Customer";
			productName = "Knowitall Customer";
			productReference = 1A55AB932B1847DE001AEEBF /* Knowitall Customer.app */;
			productType = "com.apple.product-type.application";
		};
/* End PBXNativeTarget section */

/* Begin PBXProject section */
		1A55AB8B2B1847DE001AEEBF /* Project object */ = {
			isa = PBXProject;
			attributes = {
				BuildIndependentTargetsInParallel = 1;
				LastSwiftUpdateCheck = 1410;
				LastUpgradeCheck = 1410;
				TargetAttributes = {
					1A55AB922B1847DE001AEEBF = {
						CreatedOnToolsVersion = 14.1;
					};
				};
			};
			buildConfigurationList = 1A55AB8E2B1847DE001AEEBF /* Build configuration list for PBXProject "Knowitall Customer" */;
			compatibilityVersion = "Xcode 14.0";
			developmentRegion = en;
			hasScannedForEncodings = 0;
			knownRegions = (
				en,
				Base,
			);
			mainGroup = 1A55AB8A2B1847DE001AEEBF;
			productRefGroup = 1A55AB942B1847DE001AEEBF /* Products */;
			projectDirPath = "";
			projectRoot = "";
			targets = (
				1A55AB922B1847DE001AEEBF /* Knowitall Customer */,
			);
		};
/* End PBXProject section */

/* Begin PBXResourcesBuildPhase section */
		1A55AB912B1847DE001AEEBF /* Resources */ = {
			isa = PBXResourcesBuildPhase;
			buildActionMask = 2147483647;
			files = (
				1A55ABE02B184A77001AEEBF /* Poppins-Light.ttf in Resources */,
				1A55ABE12B184A77001AEEBF /* Poppins-SemiBold.ttf in Resources */,
				1A55ABDD2B184A77001AEEBF /* Poppins-Thin.ttf in Resources */,
				1A4262D92B24BAAD008D0E0D /* RTCustomAlert.xib in Resources */,
				1AD637512B28B1160076EAD3 /* TrackingCell.xib in Resources */,
				1AC834D62B3D372E00AD0CA6 /* RequestCell.xib in Resources */,
				1A558C722B18F3640013BD30 /* Main.storyboard in Resources */,
				1A55ABD22B1849C7001AEEBF /* GoogleService-Info.plist in Resources */,
				1A55ABDF2B184A77001AEEBF /* Poppins-ExtraLight.ttf in Resources */,
				1A428CCD2B60283D004B98F4 /* faq.html in Resources */,
				1A55ABDE2B184A77001AEEBF /* Poppins-Bold.ttf in Resources */,
				1AA813942B45DD7600F83DDA /* PTP.pdf in Resources */,
				1A9C8AA92B2CC122000B1E7F /* SettingCell.xib in Resources */,
				44162B2A2B4A8296000FE68B /* Location1.gpx in Resources */,
				1A55ABE72B184B0D001AEEBF /* SigninCell.xib in Resources */,
				1A55ABA32B1847E0001AEEBF /* LaunchScreen.storyboard in Resources */,
				1AD6374C2B2810D30076EAD3 /* ReggaeOne-Regular.ttf in Resources */,
				1A69107B2B1A4039009ACD06 /* UserNameCell.xib in Resources */,
				1AA087252B598FAF007127DA /* terms.html in Resources */,
				1A55ABDC2B184A77001AEEBF /* Poppins-Medium.ttf in Resources */,
				1A55ABA02B1847E0001AEEBF /* Assets.xcassets in Resources */,
				1A55ABDB2B184A77001AEEBF /* Poppins-Regular.ttf in Resources */,
			);
			runOnlyForDeploymentPostprocessing = 0;
		};
/* End PBXResourcesBuildPhase section */

/* Begin PBXShellScriptBuildPhase section */
		54A4C6087EBF967B9C2FDC20 /* [CP] Check Pods Manifest.lock */ = {
			isa = PBXShellScriptBuildPhase;
			buildActionMask = 2147483647;
			files = (
			);
			inputFileListPaths = (
			);
			inputPaths = (
				"${PODS_PODFILE_DIR_PATH}/Podfile.lock",
				"${PODS_ROOT}/Manifest.lock",
			);
			name = "[CP] Check Pods Manifest.lock";
			outputFileListPaths = (
			);
			outputPaths = (
				"$(DERIVED_FILE_DIR)/Pods-Knowitall Customer-checkManifestLockResult.txt",
			);
			runOnlyForDeploymentPostprocessing = 0;
			shellPath = /bin/sh;
			shellScript = "diff \"${PODS_PODFILE_DIR_PATH}/Podfile.lock\" \"${PODS_ROOT}/Manifest.lock\" > /dev/null\nif [ $? != 0 ] ; then\n    # print error to STDERR\n    echo \"error: The sandbox is not in sync with the Podfile.lock. Run 'pod install' or update your CocoaPods installation.\" >&2\n    exit 1\nfi\n# This output is used by Xcode 'outputs' to avoid re-running this script phase.\necho \"SUCCESS\" > \"${SCRIPT_OUTPUT_FILE_0}\"\n";
			showEnvVarsInLog = 0;
		};
		90E476DEE603B806F521A4D2 /* [CP] Embed Pods Frameworks */ = {
			isa = PBXShellScriptBuildPhase;
			buildActionMask = 2147483647;
			files = (
			);
			inputFileListPaths = (
				"${PODS_ROOT}/Target Support Files/Pods-Knowitall Customer/Pods-Knowitall Customer-frameworks-${CONFIGURATION}-input-files.xcfilelist",
			);
			name = "[CP] Embed Pods Frameworks";
			outputFileListPaths = (
				"${PODS_ROOT}/Target Support Files/Pods-Knowitall Customer/Pods-Knowitall Customer-frameworks-${CONFIGURATION}-output-files.xcfilelist",
			);
			runOnlyForDeploymentPostprocessing = 0;
			shellPath = /bin/sh;
			shellScript = "\"${PODS_ROOT}/Target Support Files/Pods-Knowitall Customer/Pods-Knowitall Customer-frameworks.sh\"\n";
			showEnvVarsInLog = 0;
		};
/* End PBXShellScriptBuildPhase section */

/* Begin PBXSourcesBuildPhase section */
		1A55AB8F2B1847DE001AEEBF /* Sources */ = {
			isa = PBXSourcesBuildPhase;
			buildActionMask = 2147483647;
			files = (
				1A558C632B18F0220013BD30 /* UIImageView+Extensions.swift in Sources */,
				1A55ABCB2B184957001AEEBF /* Utility.swift in Sources */,
				1A4262D82B24BAAD008D0E0D /* RTCustomAlert.swift in Sources */,
				1A9C8AAB2B2CC15F000B1E7F /* SettingViewModel.swift in Sources */,
				1A558C742B18F4EC0013BD30 /* BaseViewController.swift in Sources */,
				1A558C522B18EE030013BD30 /* MainCoordinator.swift in Sources */,
				1AD637502B28B1160076EAD3 /* TrackingCell.swift in Sources */,
				1AA087132B53012B007127DA /* ProfileResponseModel.swift in Sources */,
				1A55ABBA2B1848FF001AEEBF /* NetworkManager.swift in Sources */,
				1A558C602B18F0220013BD30 /* View+Shadow.swift in Sources */,
				1AA0871F2B545BC0007127DA /* ImagePickerManager.swift in Sources */,
				1AD637582B28CCB80076EAD3 /* ArrivalViewControoler.swift in Sources */,
				1A99CE692B1E24C3004E0574 /* LocationViewController.swift in Sources */,
				1A55ABC82B184957001AEEBF /* Constants.swift in Sources */,
				1A55ABE62B184B0D001AEEBF /* SigninCell.swift in Sources */,
				1AC834DA2B3D3BBE00AD0CA6 /* RequestListViewController.swift in Sources */,
				1A558C662B18F0220013BD30 /* CustomButton+Extention.swift in Sources */,
				1A99CE6F2B1E38C4004E0574 /* RequestViewModel.swift in Sources */,
				1A558C6D2B18F1050013BD30 /* SigninInfoModel.swift in Sources */,
				1A55ABB42B1848B7001AEEBF /* OTPViewController.swift in Sources */,
				1AA0871D2B545B5B007127DA /* UpdateProfileViewModal.swift in Sources */,
				1A55AB972B1847DE001AEEBF /* AppDelegate.swift in Sources */,
				1AC834D52B3D372E00AD0CA6 /* RequestCell.swift in Sources */,
				1A558C672B18F0220013BD30 /* String+Extensions.swift in Sources */,
				1AA8137E2B426AEA00F83DDA /* ArrivalViewModal.swift in Sources */,
				1A558C502B18EE030013BD30 /* Coordinator.swift in Sources */,
				1A99CE6B2B1E27AC004E0574 /* HelpViewController.swift in Sources */,
				1A558C512B18EE030013BD30 /* Storyboarded.swift in Sources */,
				1A558C652B18F0220013BD30 /* CustomTextField+Extention.swift in Sources */,
				1A69107A2B1A4039009ACD06 /* UserNameCell.swift in Sources */,
				1A55ABB12B1848B7001AEEBF /* WKWebViewController.swift in Sources */,
				1A55ABC72B184957001AEEBF /* AppGuide.swift in Sources */,
				1A99CE6D2B1E3301004E0574 /* RequestViewController.swift in Sources */,
				1A558C642B18F0220013BD30 /* CustomTextView+Extention.swift in Sources */,
				1A55ABC92B184957001AEEBF /* Configuration.swift in Sources */,
				1AD6375C2B2AA1C40076EAD3 /* SideMenuTableViewController.swift in Sources */,
				1A55ABCE2B184957001AEEBF /* Helper.swift in Sources */,
				1A55ABCC2B184957001AEEBF /* RPicker.swift in Sources */,
				1A558C622B18F0220013BD30 /* UITableView+Additions.swift in Sources */,
				1A55ABBC2B1848FF001AEEBF /* APIHelper.swift in Sources */,
				1A558C5F2B18F0220013BD30 /* Extension.swift in Sources */,
				1A558C702B18F1220013BD30 /* SigninViewModel.swift in Sources */,
				1A4262D12B2446B9008D0E0D /* AddressViewController.swift in Sources */,
				1A4262D32B2449B7008D0E0D /* AddressViewModel.swift in Sources */,
				1AA087152B530693007127DA /* ProfileViewController.swift in Sources */,
				1A558C612B18F0220013BD30 /* Device+Type.swift in Sources */,
				1A1E46BC2B1C24EC0046A758 /* SigninViewController.swift in Sources */,
				1A55ABBD2B1848FF001AEEBF /* Reachability.swift in Sources */,
				1A55ABCA2B184957001AEEBF /* Text+Attributed.swift in Sources */,
				1AA813922B45DC0800F83DDA /* PDFViewController.swift in Sources */,
				1AD6375A2B2AA1B20076EAD3 /* MainViewController.swift in Sources */,
				1AD6375E2B2AA1D20076EAD3 /* PresentedViewController.swift in Sources */,
				1AA0871B2B545B2B007127DA /* UpdateProfileViewController.swift in Sources */,
				1AC834D82B3D39C500AD0CA6 /* RequestListViewModal.swift in Sources */,
				1AD637542B28B3F20076EAD3 /* TrackingViewController.swift in Sources */,
				1A9C8AA82B2CC122000B1E7F /* SettingCell.swift in Sources */,
				1A558C692B18F0220013BD30 /* CustomLabel+Extention.swift in Sources */,
				1A55ABBB2B1848FF001AEEBF /* APIsEndPoint.swift in Sources */,
				BF76B0AF2B5964B6008E8FA6 /* PickerViewViewController.swift in Sources */,
				1A558C682B18F0220013BD30 /* UIView+Extensions.swift in Sources */,
				1AD637562B28B71D0076EAD3 /* TrackingViewModel.swift in Sources */,
				1A55ABCD2B184957001AEEBF /* CurrentUserInfo.swift in Sources */,
			);
			runOnlyForDeploymentPostprocessing = 0;
		};
/* End PBXSourcesBuildPhase section */

/* Begin PBXVariantGroup section */
		1A55ABA12B1847E0001AEEBF /* LaunchScreen.storyboard */ = {
			isa = PBXVariantGroup;
			children = (
				1A55ABA22B1847E0001AEEBF /* Base */,
			);
			name = LaunchScreen.storyboard;
			sourceTree = "<group>";
		};
/* End PBXVariantGroup section */

/* Begin XCBuildConfiguration section */
		1A55ABA52B1847E0001AEEBF /* Debug */ = {
			isa = XCBuildConfiguration;
			buildSettings = {
				ALWAYS_SEARCH_USER_PATHS = NO;
				CLANG_ANALYZER_NONNULL = YES;
				CLANG_ANALYZER_NUMBER_OBJECT_CONVERSION = YES_AGGRESSIVE;
				CLANG_CXX_LANGUAGE_STANDARD = "gnu++20";
				CLANG_ENABLE_MODULES = YES;
				CLANG_ENABLE_OBJC_ARC = YES;
				CLANG_ENABLE_OBJC_WEAK = YES;
				CLANG_WARN_BLOCK_CAPTURE_AUTORELEASING = YES;
				CLANG_WARN_BOOL_CONVERSION = YES;
				CLANG_WARN_COMMA = YES;
				CLANG_WARN_CONSTANT_CONVERSION = YES;
				CLANG_WARN_DEPRECATED_OBJC_IMPLEMENTATIONS = YES;
				CLANG_WARN_DIRECT_OBJC_ISA_USAGE = YES_ERROR;
				CLANG_WARN_DOCUMENTATION_COMMENTS = YES;
				CLANG_WARN_EMPTY_BODY = YES;
				CLANG_WARN_ENUM_CONVERSION = YES;
				CLANG_WARN_INFINITE_RECURSION = YES;
				CLANG_WARN_INT_CONVERSION = YES;
				CLANG_WARN_NON_LITERAL_NULL_CONVERSION = YES;
				CLANG_WARN_OBJC_IMPLICIT_RETAIN_SELF = YES;
				CLANG_WARN_OBJC_LITERAL_CONVERSION = YES;
				CLANG_WARN_OBJC_ROOT_CLASS = YES_ERROR;
				CLANG_WARN_QUOTED_INCLUDE_IN_FRAMEWORK_HEADER = YES;
				CLANG_WARN_RANGE_LOOP_ANALYSIS = YES;
				CLANG_WARN_STRICT_PROTOTYPES = YES;
				CLANG_WARN_SUSPICIOUS_MOVE = YES;
				CLANG_WARN_UNGUARDED_AVAILABILITY = YES_AGGRESSIVE;
				CLANG_WARN_UNREACHABLE_CODE = YES;
				CLANG_WARN__DUPLICATE_METHOD_MATCH = YES;
				COPY_PHASE_STRIP = NO;
				DEBUG_INFORMATION_FORMAT = dwarf;
				ENABLE_STRICT_OBJC_MSGSEND = YES;
				ENABLE_TESTABILITY = YES;
				GCC_C_LANGUAGE_STANDARD = gnu11;
				GCC_DYNAMIC_NO_PIC = NO;
				GCC_NO_COMMON_BLOCKS = YES;
				GCC_OPTIMIZATION_LEVEL = 0;
				GCC_PREPROCESSOR_DEFINITIONS = (
					"DEBUG=1",
					"$(inherited)",
				);
				GCC_WARN_64_TO_32_BIT_CONVERSION = YES;
				GCC_WARN_ABOUT_RETURN_TYPE = YES_ERROR;
				GCC_WARN_UNDECLARED_SELECTOR = YES;
				GCC_WARN_UNINITIALIZED_AUTOS = YES_AGGRESSIVE;
				GCC_WARN_UNUSED_FUNCTION = YES;
				GCC_WARN_UNUSED_VARIABLE = YES;
				IPHONEOS_DEPLOYMENT_TARGET = 16.1;
				MTL_ENABLE_DEBUG_INFO = INCLUDE_SOURCE;
				MTL_FAST_MATH = YES;
				ONLY_ACTIVE_ARCH = YES;
				SDKROOT = iphoneos;
				SWIFT_ACTIVE_COMPILATION_CONDITIONS = DEBUG;
				SWIFT_OPTIMIZATION_LEVEL = "-Onone";
			};
			name = Debug;
		};
		1A55ABA62B1847E0001AEEBF /* Release */ = {
			isa = XCBuildConfiguration;
			buildSettings = {
				ALWAYS_SEARCH_USER_PATHS = NO;
				CLANG_ANALYZER_NONNULL = YES;
				CLANG_ANALYZER_NUMBER_OBJECT_CONVERSION = YES_AGGRESSIVE;
				CLANG_CXX_LANGUAGE_STANDARD = "gnu++20";
				CLANG_ENABLE_MODULES = YES;
				CLANG_ENABLE_OBJC_ARC = YES;
				CLANG_ENABLE_OBJC_WEAK = YES;
				CLANG_WARN_BLOCK_CAPTURE_AUTORELEASING = YES;
				CLANG_WARN_BOOL_CONVERSION = YES;
				CLANG_WARN_COMMA = YES;
				CLANG_WARN_CONSTANT_CONVERSION = YES;
				CLANG_WARN_DEPRECATED_OBJC_IMPLEMENTATIONS = YES;
				CLANG_WARN_DIRECT_OBJC_ISA_USAGE = YES_ERROR;
				CLANG_WARN_DOCUMENTATION_COMMENTS = YES;
				CLANG_WARN_EMPTY_BODY = YES;
				CLANG_WARN_ENUM_CONVERSION = YES;
				CLANG_WARN_INFINITE_RECURSION = YES;
				CLANG_WARN_INT_CONVERSION = YES;
				CLANG_WARN_NON_LITERAL_NULL_CONVERSION = YES;
				CLANG_WARN_OBJC_IMPLICIT_RETAIN_SELF = YES;
				CLANG_WARN_OBJC_LITERAL_CONVERSION = YES;
				CLANG_WARN_OBJC_ROOT_CLASS = YES_ERROR;
				CLANG_WARN_QUOTED_INCLUDE_IN_FRAMEWORK_HEADER = YES;
				CLANG_WARN_RANGE_LOOP_ANALYSIS = YES;
				CLANG_WARN_STRICT_PROTOTYPES = YES;
				CLANG_WARN_SUSPICIOUS_MOVE = YES;
				CLANG_WARN_UNGUARDED_AVAILABILITY = YES_AGGRESSIVE;
				CLANG_WARN_UNREACHABLE_CODE = YES;
				CLANG_WARN__DUPLICATE_METHOD_MATCH = YES;
				COPY_PHASE_STRIP = NO;
				DEBUG_INFORMATION_FORMAT = "dwarf-with-dsym";
				ENABLE_NS_ASSERTIONS = NO;
				ENABLE_STRICT_OBJC_MSGSEND = YES;
				GCC_C_LANGUAGE_STANDARD = gnu11;
				GCC_NO_COMMON_BLOCKS = YES;
				GCC_WARN_64_TO_32_BIT_CONVERSION = YES;
				GCC_WARN_ABOUT_RETURN_TYPE = YES_ERROR;
				GCC_WARN_UNDECLARED_SELECTOR = YES;
				GCC_WARN_UNINITIALIZED_AUTOS = YES_AGGRESSIVE;
				GCC_WARN_UNUSED_FUNCTION = YES;
				GCC_WARN_UNUSED_VARIABLE = YES;
				IPHONEOS_DEPLOYMENT_TARGET = 16.1;
				MTL_ENABLE_DEBUG_INFO = NO;
				MTL_FAST_MATH = YES;
				SDKROOT = iphoneos;
				SWIFT_COMPILATION_MODE = wholemodule;
				SWIFT_OPTIMIZATION_LEVEL = "-O";
				VALIDATE_PRODUCT = YES;
			};
			name = Release;
		};
		1A55ABA82B1847E0001AEEBF /* Debug */ = {
			isa = XCBuildConfiguration;
			baseConfigurationReference = 55482FF891D49C4CE5941A65 /* Pods-Knowitall Customer.debug.xcconfig */;
			buildSettings = {
				ASSETCATALOG_COMPILER_APPICON_NAME = AppIcon;
				ASSETCATALOG_COMPILER_GLOBAL_ACCENT_COLOR_NAME = AccentColor;
				CODE_SIGN_ENTITLEMENTS = "Knowitall Customer/Knowitall Customer.entitlements";
				"CODE_SIGN_IDENTITY[sdk=iphoneos*]" = "iPhone Developer";
				CODE_SIGN_STYLE = Manual;
				CURRENT_PROJECT_VERSION = 1.0.01;
				DEVELOPMENT_TEAM = "";
				"DEVELOPMENT_TEAM[sdk=iphoneos*]" = ZV498993S5;
				GENERATE_INFOPLIST_FILE = YES;
				INFOPLIST_FILE = "Knowitall Customer/Info.plist";
				INFOPLIST_KEY_CFBundleDisplayName = "MR KNOW IT";
				INFOPLIST_KEY_NSLocationAlwaysAndWhenInUseUsageDescription = "We will use current location to create request for service";
				INFOPLIST_KEY_NSLocationAlwaysUsageDescription = "To get current location";
				INFOPLIST_KEY_NSLocationWhenInUseUsageDescription = "We will use current location to create request for service";
				INFOPLIST_KEY_UIApplicationSupportsIndirectInputEvents = YES;
				INFOPLIST_KEY_UILaunchStoryboardName = LaunchScreen;
				INFOPLIST_KEY_UIMainStoryboardFile = Main;
				INFOPLIST_KEY_UISupportedInterfaceOrientations = UIInterfaceOrientationPortrait;
				IPHONEOS_DEPLOYMENT_TARGET = 13.0;
				LD_RUNPATH_SEARCH_PATHS = (
					"$(inherited)",
					"@executable_path/Frameworks",
				);
				MARKETING_VERSION = 1.0;
				PRODUCT_BUNDLE_IDENTIFIER = com.knowitall.customer;
				PRODUCT_NAME = "$(TARGET_NAME)";
				PROVISIONING_PROFILE_SPECIFIER = KTACustomerDev;
				"PROVISIONING_PROFILE_SPECIFIER[sdk=iphoneos*]" = KTACustomerDev;
				SWIFT_EMIT_LOC_STRINGS = YES;
				SWIFT_VERSION = 5.0;
				TARGETED_DEVICE_FAMILY = "1,2";
			};
			name = Debug;
		};
		1A55ABA92B1847E0001AEEBF /* Release */ = {
			isa = XCBuildConfiguration;
			baseConfigurationReference = 0A2EA702C0FC0EB91019EA92 /* Pods-Knowitall Customer.release.xcconfig */;
			buildSettings = {
				ASSETCATALOG_COMPILER_APPICON_NAME = AppIcon;
				ASSETCATALOG_COMPILER_GLOBAL_ACCENT_COLOR_NAME = AccentColor;
				CODE_SIGN_ENTITLEMENTS = "Knowitall Customer/Knowitall Customer.entitlements";
				CODE_SIGN_IDENTITY = "Apple Distribution";
				"CODE_SIGN_IDENTITY[sdk=iphoneos*]" = "iPhone Distribution";
				CODE_SIGN_STYLE = Manual;
				CURRENT_PROJECT_VERSION = 1.0.01;
				DEVELOPMENT_TEAM = "";
				"DEVELOPMENT_TEAM[sdk=iphoneos*]" = ZV498993S5;
				GENERATE_INFOPLIST_FILE = YES;
				INFOPLIST_FILE = "Knowitall Customer/Info.plist";
				INFOPLIST_KEY_CFBundleDisplayName = "MR KNOW IT";
				INFOPLIST_KEY_NSLocationAlwaysAndWhenInUseUsageDescription = "We will use current location to create request for service";
				INFOPLIST_KEY_NSLocationAlwaysUsageDescription = "To get current location";
				INFOPLIST_KEY_NSLocationWhenInUseUsageDescription = "We will use current location to create request for service";
				INFOPLIST_KEY_UIApplicationSupportsIndirectInputEvents = YES;
				INFOPLIST_KEY_UILaunchStoryboardName = LaunchScreen;
				INFOPLIST_KEY_UIMainStoryboardFile = Main;
				INFOPLIST_KEY_UISupportedInterfaceOrientations = UIInterfaceOrientationPortrait;
				IPHONEOS_DEPLOYMENT_TARGET = 13.0;
				LD_RUNPATH_SEARCH_PATHS = (
					"$(inherited)",
					"@executable_path/Frameworks",
				);
				MARKETING_VERSION = 1.0;
				PRODUCT_BUNDLE_IDENTIFIER = com.knowitall.customer;
				PRODUCT_NAME = "$(TARGET_NAME)";
				PROVISIONING_PROFILE_SPECIFIER = KTACustomerDist;
				"PROVISIONING_PROFILE_SPECIFIER[sdk=iphoneos*]" = KTACustomerDist;
				SWIFT_EMIT_LOC_STRINGS = YES;
				SWIFT_VERSION = 5.0;
				TARGETED_DEVICE_FAMILY = "1,2";
			};
			name = Release;
		};
/* End XCBuildConfiguration section */

/* Begin XCConfigurationList section */
		1A55AB8E2B1847DE001AEEBF /* Build configuration list for PBXProject "Knowitall Customer" */ = {
			isa = XCConfigurationList;
			buildConfigurations = (
				1A55ABA52B1847E0001AEEBF /* Debug */,
				1A55ABA62B1847E0001AEEBF /* Release */,
			);
			defaultConfigurationIsVisible = 0;
			defaultConfigurationName = Release;
		};
		1A55ABA72B1847E0001AEEBF /* Build configuration list for PBXNativeTarget "Knowitall Customer" */ = {
			isa = XCConfigurationList;
			buildConfigurations = (
				1A55ABA82B1847E0001AEEBF /* Debug */,
				1A55ABA92B1847E0001AEEBF /* Release */,
			);
			defaultConfigurationIsVisible = 0;
			defaultConfigurationName = Release;
		};
/* End XCConfigurationList section */
	};
	rootObject = 1A55AB8B2B1847DE001AEEBF /* Project object */;
}
